
Microsoft Visual Studio Solution File, Format Version 12.00
# Visual Studio Version 16
VisualStudioVersion = 16.0.30114.105
MinimumVisualStudioVersion = 10.0.40219.1
Project("{2150E333-8FDC-42A3-9474-1A3956D46DE8}") = "src", "src", "{37A2D8F3-09FE-41F6-B028-3C4DF4DB8B7F}"
EndProject
Project("{FAE04EC0-301F-11D3-BF4B-00C04F79EFBC}") = "Specification.Domain", "src\Specification.Domain\Specification.Domain.csproj", "{508DB020-E352-400E-99ED-66BDC1E33FA9}"
EndProject
Global
	GlobalSection(SolutionConfigurationPlatforms) = preSolution
		Debug|Any CPU = Debug|Any CPU
		Release|Any CPU = Release|Any CPU
	EndGlobalSection
	GlobalSection(SolutionProperties) = preSolution
		HideSolutionNode = FALSE
	EndGlobalSection
	GlobalSection(ProjectConfigurationPlatforms) = postSolution
		{508DB020-E352-400E-99ED-66BDC1E33FA9}.Debug|Any CPU.ActiveCfg = Debug|Any CPU
		{508DB020-E352-400E-99ED-66BDC1E33FA9}.Debug|Any CPU.Build.0 = Debug|Any CPU
		{508DB020-E352-400E-99ED-66BDC1E33FA9}.Release|Any CPU.ActiveCfg = Release|Any CPU
		{508DB020-E352-400E-99ED-66BDC1E33FA9}.Release|Any CPU.Build.0 = Release|Any CPU
	EndGlobalSection
	GlobalSection(NestedProjects) = preSolution
		{508DB020-E352-400E-99ED-66BDC1E33FA9} = {37A2D8F3-09FE-41F6-B028-3C4DF4DB8B7F}
	EndGlobalSection
EndGlobal
